
Microsoft Visual Studio Solution File, Format Version 12.00
# Visual Studio Version 17
VisualStudioVersion = 17.0.31903.59
MinimumVisualStudioVersion = 10.0.40219.1
Project("{2150E333-8FDC-42A3-9474-1A3956D46DE8}") = "WebApiAutores", "WebApiAutores", "{B082D057-B089-40D8-A1CC-8C5B55BFB8A8}"
EndProject
Project("{9A19103F-16F7-4668-BE54-9A1E7A4F7556}") = "WebApiAutores", "WebApiAutores\WebApiAutores.csproj", "{ABEF821E-E8B5-4F55-B716-F42ABE57E700}"
EndProject
Project("{FAE04EC0-301F-11D3-BF4B-00C04F79EFBC}") = "WebApiAutores.Tests", "WebApiAutores.Tests\WebApiAutores.Tests.csproj", "{EE928F3E-BDA6-4F69-B582-9A108C2A8C31}"
EndProject
Global
	GlobalSection(SolutionConfigurationPlatforms) = preSolution
		Debug|Any CPU = Debug|Any CPU
		Release|Any CPU = Release|Any CPU
	EndGlobalSection
	GlobalSection(ProjectConfigurationPlatforms) = postSolution
		{ABEF821E-E8B5-4F55-B716-F42ABE57E700}.Debug|Any CPU.ActiveCfg = Debug|Any CPU
		{ABEF821E-E8B5-4F55-B716-F42ABE57E700}.Debug|Any CPU.Build.0 = Debug|Any CPU
		{ABEF821E-E8B5-4F55-B716-F42ABE57E700}.Release|Any CPU.ActiveCfg = Release|Any CPU
		{ABEF821E-E8B5-4F55-B716-F42ABE57E700}.Release|Any CPU.Build.0 = Release|Any CPU
		{EE928F3E-BDA6-4F69-B582-9A108C2A8C31}.Debug|Any CPU.ActiveCfg = Debug|Any CPU
		{EE928F3E-BDA6-4F69-B582-9A108C2A8C31}.Debug|Any CPU.Build.0 = Debug|Any CPU
		{EE928F3E-BDA6-4F69-B582-9A108C2A8C31}.Release|Any CPU.ActiveCfg = Release|Any CPU
		{EE928F3E-BDA6-4F69-B582-9A108C2A8C31}.Release|Any CPU.Build.0 = Release|Any CPU
	EndGlobalSection
	GlobalSection(SolutionProperties) = preSolution
		HideSolutionNode = FALSE
	EndGlobalSection
	GlobalSection(NestedProjects) = preSolution
		{ABEF821E-E8B5-4F55-B716-F42ABE57E700} = {B082D057-B089-40D8-A1CC-8C5B55BFB8A8}
	EndGlobalSection
EndGlobal
